
Microsoft Visual Studio Solution File, Format Version 12.00
# Visual Studio 14
VisualStudioVersion = 14.0.25420.1
MinimumVisualStudioVersion = 10.0.40219.1
Project("{FAE04EC0-301F-11D3-BF4B-00C04F79EFBC}") = "GestionnaireEDT", "GestionnaireEDT\GestionnaireEDT.csproj", "{91373B2A-9124-405C-8B80-CFE36648BFCD}"
EndProject
Global
	GlobalSection(SolutionConfigurationPlatforms) = preSolution
		Debug|Any CPU = Debug|Any CPU
		Release|Any CPU = Release|Any CPU
	EndGlobalSection
	GlobalSection(ProjectConfigurationPlatforms) = postSolution
		{91373B2A-9124-405C-8B80-CFE36648BFCD}.Debug|Any CPU.ActiveCfg = Debug|Any CPU
		{91373B2A-9124-405C-8B80-CFE36648BFCD}.Debug|Any CPU.Build.0 = Debug|Any CPU
		{91373B2A-9124-405C-8B80-CFE36648BFCD}.Release|Any CPU.ActiveCfg = Release|Any CPU
		{91373B2A-9124-405C-8B80-CFE36648BFCD}.Release|Any CPU.Build.0 = Release|Any CPU
	EndGlobalSection
	GlobalSection(SolutionProperties) = preSolution
		HideSolutionNode = FALSE
	EndGlobalSection
EndGlobal
